// !$*UTF8*$!
{
	archiveVersion = 1;
	classes = {
	};
	objectVersion = 50;
	objects = {

/* Begin PBXBuildFile section */
		695CE8DE24CC14A1006C907E /* AppDelegate.swift in Sources */ = {isa = PBXBuildFile; fileRef = 695CE8DD24CC14A1006C907E /* AppDelegate.swift */; };
		695CE8E024CC14A1006C907E /* SceneDelegate.swift in Sources */ = {isa = PBXBuildFile; fileRef = 695CE8DF24CC14A1006C907E /* SceneDelegate.swift */; };
		695CE8E224CC14A1006C907E /* ViewController.swift in Sources */ = {isa = PBXBuildFile; fileRef = 695CE8E124CC14A1006C907E /* ViewController.swift */; };
		695CE8E524CC14A1006C907E /* Main.storyboard in Resources */ = {isa = PBXBuildFile; fileRef = 695CE8E324CC14A1006C907E /* Main.storyboard */; };
		695CE8E724CC14A1006C907E /* Assets.xcassets in Resources */ = {isa = PBXBuildFile; fileRef = 695CE8E624CC14A1006C907E /* Assets.xcassets */; };
		695CE8EA24CC14A1006C907E /* LaunchScreen.storyboard in Resources */ = {isa = PBXBuildFile; fileRef = 695CE8E824CC14A1006C907E /* LaunchScreen.storyboard */; };
		695CE8F224CC1525006C907E /* EGOIST-Planetes.m4a in Resources */ = {isa = PBXBuildFile; fileRef = 695CE8F124CC1525006C907E /* EGOIST-Planetes.m4a */; };
		69B74AAC24CD5B69007E4F3B /* 藍井エイル-流星.mp3 in Resources */ = {isa = PBXBuildFile; fileRef = 69B74AA624CD5B67007E4F3B /* 藍井エイル-流星.mp3 */; };
		69B74AAD24CD5B69007E4F3B /* Hebe-小幸運.mp3 in Resources */ = {isa = PBXBuildFile; fileRef = 69B74AA724CD5B68007E4F3B /* Hebe-小幸運.mp3 */; };
		69B74AAE24CD5B69007E4F3B /* YOASOBI-夜に駆ける.mp3 in Resources */ = {isa = PBXBuildFile; fileRef = 69B74AA824CD5B68007E4F3B /* YOASOBI-夜に駆ける.mp3 */; };
		69B74AAF24CD5B69007E4F3B /* EGOIST-Departures.mp3 in Resources */ = {isa = PBXBuildFile; fileRef = 69B74AA924CD5B69007E4F3B /* EGOIST-Departures.mp3 */; };
		69B74AB124CD62D2007E4F3B /* 春茶-フラレガイガール.mp3 in Resources */ = {isa = PBXBuildFile; fileRef = 69B74AB024CD62D2007E4F3B /* 春茶-フラレガイガール.mp3 */; };
		69C7966824CD725700894C80 /* 花たん-心做し.mp3 in Resources */ = {isa = PBXBuildFile; fileRef = 69C7966724CD725700894C80 /* 花たん-心做し.mp3 */; };
/* End PBXBuildFile section */

/* Begin PBXFileReference section */
		695CE8DA24CC14A1006C907E /* musicPlayer.app */ = {isa = PBXFileReference; explicitFileType = wrapper.application; includeInIndex = 0; path = musicPlayer.app; sourceTree = BUILT_PRODUCTS_DIR; };
		695CE8DD24CC14A1006C907E /* AppDelegate.swift */ = {isa = PBXFileReference; lastKnownFileType = sourcecode.swift; path = AppDelegate.swift; sourceTree = "<group>"; };
		695CE8DF24CC14A1006C907E /* SceneDelegate.swift */ = {isa = PBXFileReference; lastKnownFileType = sourcecode.swift; path = SceneDelegate.swift; sourceTree = "<group>"; };
		695CE8E124CC14A1006C907E /* ViewController.swift */ = {isa = PBXFileReference; lastKnownFileType = sourcecode.swift; path = ViewController.swift; sourceTree = "<group>"; };
		695CE8E424CC14A1006C907E /* Base */ = {isa = PBXFileReference; lastKnownFileType = file.storyboard; name = Base; path = Base.lproj/Main.storyboard; sourceTree = "<group>"; };
		695CE8E624CC14A1006C907E /* Assets.xcassets */ = {isa = PBXFileReference; lastKnownFileType = folder.assetcatalog; path = Assets.xcassets; sourceTree = "<group>"; };
		695CE8E924CC14A1006C907E /* Base */ = {isa = PBXFileReference; lastKnownFileType = file.storyboard; name = Base; path = Base.lproj/LaunchScreen.storyboard; sourceTree = "<group>"; };
		695CE8EB24CC14A1006C907E /* Info.plist */ = {isa = PBXFileReference; lastKnownFileType = text.plist.xml; path = Info.plist; sourceTree = "<group>"; };
		695CE8F124CC1525006C907E /* EGOIST-Planetes.m4a */ = {isa = PBXFileReference; lastKnownFileType = file; path = "EGOIST-Planetes.m4a"; sourceTree = "<group>"; };
		697EFD4A24CC66AE00B83731 /* musicList.json */ = {isa = PBXFileReference; lastKnownFileType = text.json; path = musicList.json; sourceTree = "<group>"; };
		69B74AA624CD5B67007E4F3B /* 藍井エイル-流星.mp3 */ = {isa = PBXFileReference; lastKnownFileType = audio.mp3; path = "藍井エイル-流星.mp3"; sourceTree = "<group>"; };
		69B74AA724CD5B68007E4F3B /* Hebe-小幸運.mp3 */ = {isa = PBXFileReference; lastKnownFileType = audio.mp3; path = "Hebe-小幸運.mp3"; sourceTree = "<group>"; };
		69B74AA824CD5B68007E4F3B /* YOASOBI-夜に駆ける.mp3 */ = {isa = PBXFileReference; lastKnownFileType = audio.mp3; path = "YOASOBI-夜に駆ける.mp3"; sourceTree = "<group>"; };
		69B74AA924CD5B69007E4F3B /* EGOIST-Departures.mp3 */ = {isa = PBXFileReference; lastKnownFileType = audio.mp3; path = "EGOIST-Departures.mp3"; sourceTree = "<group>"; };
		69B74AB024CD62D2007E4F3B /* 春茶-フラレガイガール.mp3 */ = {isa = PBXFileReference; lastKnownFileType = audio.mp3; path = "春茶-フラレガイガール.mp3"; sourceTree = "<group>"; };
		69C7966724CD725700894C80 /* 花たん-心做し.mp3 */ = {isa = PBXFileReference; lastKnownFileType = audio.mp3; path = "花たん-心做し.mp3"; sourceTree = "<group>"; };
/* End PBXFileReference section */

/* Begin PBXFrameworksBuildPhase section */
		695CE8D724CC14A1006C907E /* Frameworks */ = {
			isa = PBXFrameworksBuildPhase;
			buildActionMask = 2147483647;
			files = (
			);
			runOnlyForDeploymentPostprocessing = 0;
		};
/* End PBXFrameworksBuildPhase section */

/* Begin PBXGroup section */
		695CE8D124CC14A1006C907E = {
			isa = PBXGroup;
			children = (
				695CE8DC24CC14A1006C907E /* musicPlayer */,
				695CE8DB24CC14A1006C907E /* Products */,
			);
			sourceTree = "<group>";
		};
		695CE8DB24CC14A1006C907E /* Products */ = {
			isa = PBXGroup;
			children = (
				695CE8DA24CC14A1006C907E /* musicPlayer.app */,
			);
			name = Products;
			sourceTree = "<group>";
		};
		695CE8DC24CC14A1006C907E /* musicPlayer */ = {
			isa = PBXGroup;
			children = (
				695CE8F324CC15AA006C907E /* music */,
				695CE8DD24CC14A1006C907E /* AppDelegate.swift */,
				695CE8DF24CC14A1006C907E /* SceneDelegate.swift */,
				695CE8E124CC14A1006C907E /* ViewController.swift */,
				695CE8E324CC14A1006C907E /* Main.storyboard */,
				695CE8E624CC14A1006C907E /* Assets.xcassets */,
				695CE8E824CC14A1006C907E /* LaunchScreen.storyboard */,
				695CE8EB24CC14A1006C907E /* Info.plist */,
				697EFD4A24CC66AE00B83731 /* musicList.json */,
			);
			path = musicPlayer;
			sourceTree = "<group>";
		};
		695CE8F324CC15AA006C907E /* music */ = {
			isa = PBXGroup;
			children = (
				69B74AA924CD5B69007E4F3B /* EGOIST-Departures.mp3 */,
				69B74AA724CD5B68007E4F3B /* Hebe-小幸運.mp3 */,
				69B74AB024CD62D2007E4F3B /* 春茶-フラレガイガール.mp3 */,
				69B74AA824CD5B68007E4F3B /* YOASOBI-夜に駆ける.mp3 */,
				69C7966724CD725700894C80 /* 花たん-心做し.mp3 */,
				69B74AA624CD5B67007E4F3B /* 藍井エイル-流星.mp3 */,
				695CE8F124CC1525006C907E /* EGOIST-Planetes.m4a */,
			);
			path = music;
			sourceTree = "<group>";
		};
/* End PBXGroup section */

/* Begin PBXNativeTarget section */
		695CE8D924CC14A1006C907E /* musicPlayer */ = {
			isa = PBXNativeTarget;
			buildConfigurationList = 695CE8EE24CC14A1006C907E /* Build configuration list for PBXNativeTarget "musicPlayer" */;
			buildPhases = (
				695CE8D624CC14A1006C907E /* Sources */,
				695CE8D724CC14A1006C907E /* Frameworks */,
				695CE8D824CC14A1006C907E /* Resources */,
			);
			buildRules = (
			);
			dependencies = (
			);
			name = musicPlayer;
			productName = musicPlayer;
			productReference = 695CE8DA24CC14A1006C907E /* musicPlayer.app */;
			productType = "com.apple.product-type.application";
		};
/* End PBXNativeTarget section */

/* Begin PBXProject section */
		695CE8D224CC14A1006C907E /* Project object */ = {
			isa = PBXProject;
			attributes = {
				LastSwiftUpdateCheck = 1200;
				LastUpgradeCheck = 1200;
				TargetAttributes = {
					695CE8D924CC14A1006C907E = {
						CreatedOnToolsVersion = 12.0;
					};
				};
			};
			buildConfigurationList = 695CE8D524CC14A1006C907E /* Build configuration list for PBXProject "musicPlayer" */;
			compatibilityVersion = "Xcode 9.3";
			developmentRegion = en;
			hasScannedForEncodings = 0;
			knownRegions = (
				en,
				Base,
			);
			mainGroup = 695CE8D124CC14A1006C907E;
			productRefGroup = 695CE8DB24CC14A1006C907E /* Products */;
			projectDirPath = "";
			projectRoot = "";
			targets = (
				695CE8D924CC14A1006C907E /* musicPlayer */,
			);
		};
/* End PBXProject section */

/* Begin PBXResourcesBuildPhase section */
		695CE8D824CC14A1006C907E /* Resources */ = {
			isa = PBXResourcesBuildPhase;
			buildActionMask = 2147483647;
			files = (
				69B74AAC24CD5B69007E4F3B /* 藍井エイル-流星.mp3 in Resources */,
				69C7966824CD725700894C80 /* 花たん-心做し.mp3 in Resources */,
				695CE8EA24CC14A1006C907E /* LaunchScreen.storyboard in Resources */,
				695CE8F224CC1525006C907E /* EGOIST-Planetes.m4a in Resources */,
				69B74AB124CD62D2007E4F3B /* 春茶-フラレガイガール.mp3 in Resources */,
				69B74AAD24CD5B69007E4F3B /* Hebe-小幸運.mp3 in Resources */,
				69B74AAF24CD5B69007E4F3B /* EGOIST-Departures.mp3 in Resources */,
				695CE8E724CC14A1006C907E /* Assets.xcassets in Resources */,
				69B74AAE24CD5B69007E4F3B /* YOASOBI-夜に駆ける.mp3 in Resources */,
				695CE8E524CC14A1006C907E /* Main.storyboard in Resources */,
			);
			runOnlyForDeploymentPostprocessing = 0;
		};
/* End PBXResourcesBuildPhase section */

/* Begin PBXSourcesBuildPhase section */
		695CE8D624CC14A1006C907E /* Sources */ = {
			isa = PBXSourcesBuildPhase;
			buildActionMask = 2147483647;
			files = (
				695CE8E224CC14A1006C907E /* ViewController.swift in Sources */,
				695CE8DE24CC14A1006C907E /* AppDelegate.swift in Sources */,
				695CE8E024CC14A1006C907E /* SceneDelegate.swift in Sources */,
			);
			runOnlyForDeploymentPostprocessing = 0;
		};
/* End PBXSourcesBuildPhase section */

/* Begin PBXVariantGroup section */
		695CE8E324CC14A1006C907E /* Main.storyboard */ = {
			isa = PBXVariantGroup;
			children = (
				695CE8E424CC14A1006C907E /* Base */,
			);
			name = Main.storyboard;
			sourceTree = "<group>";
		};
		695CE8E824CC14A1006C907E /* LaunchScreen.storyboard */ = {
			isa = PBXVariantGroup;
			children = (
				695CE8E924CC14A1006C907E /* Base */,
			);
			name = LaunchScreen.storyboard;
			sourceTree = "<group>";
		};
/* End PBXVariantGroup section */

/* Begin XCBuildConfiguration section */
		695CE8EC24CC14A1006C907E /* Debug */ = {
			isa = XCBuildConfiguration;
			buildSettings = {
				ALWAYS_SEARCH_USER_PATHS = NO;
				CLANG_ANALYZER_NONNULL = YES;
				CLANG_ANALYZER_NUMBER_OBJECT_CONVERSION = YES_AGGRESSIVE;
				CLANG_CXX_LANGUAGE_STANDARD = "gnu++14";
				CLANG_CXX_LIBRARY = "libc++";
				CLANG_ENABLE_MODULES = YES;
				CLANG_ENABLE_OBJC_ARC = YES;
				CLANG_ENABLE_OBJC_WEAK = YES;
				CLANG_WARN_BLOCK_CAPTURE_AUTORELEASING = YES;
				CLANG_WARN_BOOL_CONVERSION = YES;
				CLANG_WARN_COMMA = YES;
				CLANG_WARN_CONSTANT_CONVERSION = YES;
				CLANG_WARN_DEPRECATED_OBJC_IMPLEMENTATIONS = YES;
				CLANG_WARN_DIRECT_OBJC_ISA_USAGE = YES_ERROR;
				CLANG_WARN_DOCUMENTATION_COMMENTS = YES;
				CLANG_WARN_EMPTY_BODY = YES;
				CLANG_WARN_ENUM_CONVERSION = YES;
				CLANG_WARN_INFINITE_RECURSION = YES;
				CLANG_WARN_INT_CONVERSION = YES;
				CLANG_WARN_NON_LITERAL_NULL_CONVERSION = YES;
				CLANG_WARN_OBJC_IMPLICIT_RETAIN_SELF = YES;
				CLANG_WARN_OBJC_LITERAL_CONVERSION = YES;
				CLANG_WARN_OBJC_ROOT_CLASS = YES_ERROR;
				CLANG_WARN_QUOTED_INCLUDE_IN_FRAMEWORK_HEADER = YES;
				CLANG_WARN_RANGE_LOOP_ANALYSIS = YES;
				CLANG_WARN_STRICT_PROTOTYPES = YES;
				CLANG_WARN_SUSPICIOUS_MOVE = YES;
				CLANG_WARN_UNGUARDED_AVAILABILITY = YES_AGGRESSIVE;
				CLANG_WARN_UNREACHABLE_CODE = YES;
				CLANG_WARN__DUPLICATE_METHOD_MATCH = YES;
				COPY_PHASE_STRIP = NO;
				DEBUG_INFORMATION_FORMAT = dwarf;
				ENABLE_STRICT_OBJC_MSGSEND = YES;
				ENABLE_TESTABILITY = YES;
				GCC_C_LANGUAGE_STANDARD = gnu11;
				GCC_DYNAMIC_NO_PIC = NO;
				GCC_NO_COMMON_BLOCKS = YES;
				GCC_OPTIMIZATION_LEVEL = 0;
				GCC_PREPROCESSOR_DEFINITIONS = (
					"DEBUG=1",
					"$(inherited)",
				);
				GCC_WARN_64_TO_32_BIT_CONVERSION = YES;
				GCC_WARN_ABOUT_RETURN_TYPE = YES_ERROR;
				GCC_WARN_UNDECLARED_SELECTOR = YES;
				GCC_WARN_UNINITIALIZED_AUTOS = YES_AGGRESSIVE;
				GCC_WARN_UNUSED_FUNCTION = YES;
				GCC_WARN_UNUSED_VARIABLE = YES;
				IPHONEOS_DEPLOYMENT_TARGET = 13.5;
				MTL_ENABLE_DEBUG_INFO = INCLUDE_SOURCE;
				MTL_FAST_MATH = YES;
				ONLY_ACTIVE_ARCH = YES;
				SDKROOT = iphoneos;
				SWIFT_ACTIVE_COMPILATION_CONDITIONS = DEBUG;
				SWIFT_OPTIMIZATION_LEVEL = "-Onone";
			};
			name = Debug;
		};
		695CE8ED24CC14A1006C907E /* Release */ = {
			isa = XCBuildConfiguration;
			buildSettings = {
				ALWAYS_SEARCH_USER_PATHS = NO;
				CLANG_ANALYZER_NONNULL = YES;
				CLANG_ANALYZER_NUMBER_OBJECT_CONVERSION = YES_AGGRESSIVE;
				CLANG_CXX_LANGUAGE_STANDARD = "gnu++14";
				CLANG_CXX_LIBRARY = "libc++";
				CLANG_ENABLE_MODULES = YES;
				CLANG_ENABLE_OBJC_ARC = YES;
				CLANG_ENABLE_OBJC_WEAK = YES;
				CLANG_WARN_BLOCK_CAPTURE_AUTORELEASING = YES;
				CLANG_WARN_BOOL_CONVERSION = YES;
				CLANG_WARN_COMMA = YES;
				CLANG_WARN_CONSTANT_CONVERSION = YES;
				CLANG_WARN_DEPRECATED_OBJC_IMPLEMENTATIONS = YES;
				CLANG_WARN_DIRECT_OBJC_ISA_USAGE = YES_ERROR;
				CLANG_WARN_DOCUMENTATION_COMMENTS = YES;
				CLANG_WARN_EMPTY_BODY = YES;
				CLANG_WARN_ENUM_CONVERSION = YES;
				CLANG_WARN_INFINITE_RECURSION = YES;
				CLANG_WARN_INT_CONVERSION = YES;
				CLANG_WARN_NON_LITERAL_NULL_CONVERSION = YES;
				CLANG_WARN_OBJC_IMPLICIT_RETAIN_SELF = YES;
				CLANG_WARN_OBJC_LITERAL_CONVERSION = YES;
				CLANG_WARN_OBJC_ROOT_CLASS = YES_ERROR;
				CLANG_WARN_QUOTED_INCLUDE_IN_FRAMEWORK_HEADER = YES;
				CLANG_WARN_RANGE_LOOP_ANALYSIS = YES;
				CLANG_WARN_STRICT_PROTOTYPES = YES;
				CLANG_WARN_SUSPICIOUS_MOVE = YES;
				CLANG_WARN_UNGUARDED_AVAILABILITY = YES_AGGRESSIVE;
				CLANG_WARN_UNREACHABLE_CODE = YES;
				CLANG_WARN__DUPLICATE_METHOD_MATCH = YES;
				COPY_PHASE_STRIP = NO;
				DEBUG_INFORMATION_FORMAT = "dwarf-with-dsym";
				ENABLE_NS_ASSERTIONS = NO;
				ENABLE_STRICT_OBJC_MSGSEND = YES;
				GCC_C_LANGUAGE_STANDARD = gnu11;
				GCC_NO_COMMON_BLOCKS = YES;
				GCC_WARN_64_TO_32_BIT_CONVERSION = YES;
				GCC_WARN_ABOUT_RETURN_TYPE = YES_ERROR;
				GCC_WARN_UNDECLARED_SELECTOR = YES;
				GCC_WARN_UNINITIALIZED_AUTOS = YES_AGGRESSIVE;
				GCC_WARN_UNUSED_FUNCTION = YES;
				GCC_WARN_UNUSED_VARIABLE = YES;
				IPHONEOS_DEPLOYMENT_TARGET = 13.5;
				MTL_ENABLE_DEBUG_INFO = NO;
				MTL_FAST_MATH = YES;
				SDKROOT = iphoneos;
				SWIFT_COMPILATION_MODE = wholemodule;
				SWIFT_OPTIMIZATION_LEVEL = "-O";
				VALIDATE_PRODUCT = YES;
			};
			name = Release;
		};
		695CE8EF24CC14A1006C907E /* Debug */ = {
			isa = XCBuildConfiguration;
			buildSettings = {
				ASSETCATALOG_COMPILER_APPICON_NAME = AppIcon;
				ASSETCATALOG_COMPILER_GLOBAL_ACCENT_COLOR_NAME = AccentColor;
				CODE_SIGN_STYLE = Automatic;
				DEVELOPMENT_TEAM = NRFZYN39F6;
				INFOPLIST_FILE = musicPlayer/Info.plist;
				LD_RUNPATH_SEARCH_PATHS = (
					"$(inherited)",
					"@executable_path/Frameworks",
				);
				PRODUCT_BUNDLE_IDENTIFIER = com.baaro.musicPlayer;
				PRODUCT_NAME = "$(TARGET_NAME)";
				SWIFT_VERSION = 5.0;
				TARGETED_DEVICE_FAMILY = "1,2";
			};
			name = Debug;
		};
		695CE8F024CC14A1006C907E /* Release */ = {
			isa = XCBuildConfiguration;
			buildSettings = {
				ASSETCATALOG_COMPILER_APPICON_NAME = AppIcon;
				ASSETCATALOG_COMPILER_GLOBAL_ACCENT_COLOR_NAME = AccentColor;
				CODE_SIGN_STYLE = Automatic;
				DEVELOPMENT_TEAM = NRFZYN39F6;
				INFOPLIST_FILE = musicPlayer/Info.plist;
				LD_RUNPATH_SEARCH_PATHS = (
					"$(inherited)",
					"@executable_path/Frameworks",
				);
				PRODUCT_BUNDLE_IDENTIFIER = com.baaro.musicPlayer;
				PRODUCT_NAME = "$(TARGET_NAME)";
				SWIFT_VERSION = 5.0;
				TARGETED_DEVICE_FAMILY = "1,2";
			};
			name = Release;
		};
/* End XCBuildConfiguration section */

/* Begin XCConfigurationList section */
		695CE8D524CC14A1006C907E /* Build configuration list for PBXProject "musicPlayer" */ = {
			isa = XCConfigurationList;
			buildConfigurations = (
				695CE8EC24CC14A1006C907E /* Debug */,
				695CE8ED24CC14A1006C907E /* Release */,
			);
			defaultConfigurationIsVisible = 0;
			defaultConfigurationName = Release;
		};
		695CE8EE24CC14A1006C907E /* Build configuration list for PBXNativeTarget "musicPlayer" */ = {
			isa = XCConfigurationList;
			buildConfigurations = (
				695CE8EF24CC14A1006C907E /* Debug */,
				695CE8F024CC14A1006C907E /* Release */,
			);
			defaultConfigurationIsVisible = 0;
			defaultConfigurationName = Release;
		};
/* End XCConfigurationList section */
	};
	rootObject = 695CE8D224CC14A1006C907E /* Project object */;
}
